
Microsoft Visual Studio Solution File, Format Version 12.00
Project("{FAE04EC0-301F-11D3-BF4B-00C04F79EFBC}") = "Lab_1_v-1", "Lab_1_v-1\Lab_1_v-1.csproj", "{ED8F83B6-AB9F-4E51-BD10-8620677DA7AC}"
EndProject
Project("{FAE04EC0-301F-11D3-BF4B-00C04F79EFBC}") = "Lab_2_v_1", "Lab_2_v_1\Lab_2_v_1.csproj", "{849B2357-552F-4183-AC95-E015BA8AEBFD}"
EndProject
Project("{FAE04EC0-301F-11D3-BF4B-00C04F79EFBC}") = "Lab_3_v_1", "Lab_3_v_1\Lab_3_v_1.csproj", "{E5F6DF11-932D-4AA5-BAB6-D322EFF03F8B}"
EndProject
Project("{FAE04EC0-301F-11D3-BF4B-00C04F79EFBC}") = "Lab_5_v_1", "Lab_5_v_1\Lab_5_v_1.csproj", "{3AE5B2C0-0AA2-4E4B-94FF-A6D40E28E8C1}"
EndProject
Project("{FAE04EC0-301F-11D3-BF4B-00C04F79EFBC}") = "Lab_6_v_1", "Lab_6_v_1\Lab_6_v_1.csproj", "{FE360A3D-1A6A-4D3C-8477-7E589D9F2B1E}"
EndProject
Project("{FAE04EC0-301F-11D3-BF4B-00C04F79EFBC}") = "Lab_5_v_2.0", "Lab_5_v_2.0\Lab_5_v_2.0.csproj", "{8014329B-8F4B-4666-BEA9-7911F091195A}"
EndProject
Project("{2150E333-8FDC-42A3-9474-1A3956D46DE8}") = "FourthLabaSolution", "FourthLabaSolution", "{F160740A-5915-4DE5-ADB2-A867ED9E87E5}"
EndProject
Project("{2150E333-8FDC-42A3-9474-1A3956D46DE8}") = "LabsFirstToThird", "LabsFirstToThird", "{B2E6AC70-E79B-4DC4-9BE6-3FF7BBC433F6}"
EndProject
Project("{FAE04EC0-301F-11D3-BF4B-00C04F79EFBC}") = "FirstTaskOfTheThirdOption", "FirstTaskOfTheThirdOption\FirstTaskOfTheThirdOption.csproj", "{7520492B-D247-4FA5-A2B2-71CF4D0F4C1C}"
EndProject
Project("{2150E333-8FDC-42A3-9474-1A3956D46DE8}") = "LabsOther", "LabsOther", "{64DE453D-814E-4C47-B4B7-32B3C169C9EF}"
EndProject
Project("{FAE04EC0-301F-11D3-BF4B-00C04F79EFBC}") = "SecondTaskOfTheThirdOption", "SecondTaskOfTheThirdOption\SecondTaskOfTheThirdOption.csproj", "{B959540B-89E1-4BA5-A677-20D4445E76A5}"
EndProject
Project("{FAE04EC0-301F-11D3-BF4B-00C04F79EFBC}") = "ThirdTaskOfTheFirstOption", "ThirdTaskOfTheFirstOption\ThirdTaskOfTheFirstOption.csproj", "{2803C774-7F31-4BD8-8105-4BDA975808EB}"
EndProject
Project("{FAE04EC0-301F-11D3-BF4B-00C04F79EFBC}") = "FourthTaskOfTheSecondOption", "FourthTaskOfTheSecondOption\FourthTaskOfTheSecondOption.csproj", "{6A403D98-0CFE-480C-ADCB-E1595DCCDA5E}"
EndProject
Project("{FAE04EC0-301F-11D3-BF4B-00C04F79EFBC}") = "FifthTaskOfTheSecondOption", "FifthTaskOfTheSecondOption\FifthTaskOfTheSecondOption.csproj", "{5FD74697-F477-4FAD-9E84-1633023F9CA0}"
EndProject
Project("{FAE04EC0-301F-11D3-BF4B-00C04F79EFBC}") = "SixthTaskOfTheFirstOption", "SixthTaskOfTheFirstOption\SixthTaskOfTheFirstOption.csproj", "{3EE73725-1C54-44F8-B569-DB485D40C1C3}"
EndProject
Project("{FAE04EC0-301F-11D3-BF4B-00C04F79EFBC}") = "SeventhTaskOfTheFirstOption", "SeventhTaskOfTheFirstOption\SeventhTaskOfTheFirstOption.csproj", "{7F16478F-213C-48E2-806C-4E238605C5B4}"
EndProject
Project("{FAE04EC0-301F-11D3-BF4B-00C04F79EFBC}") = "EighthTaskOfTheSecondOption", "EighthTaskOfTheSecondOption\EighthTaskOfTheSecondOption.csproj", "{89DE3F36-C63D-46B4-8620-C03971CFAD64}"
EndProject
Project("{2150E333-8FDC-42A3-9474-1A3956D46DE8}") = "FifthLabaSolution", "FifthLabaSolution", "{C1731D0E-1F6B-4E45-9F55-59892255648C}"
EndProject
Project("{FAE04EC0-301F-11D3-BF4B-00C04F79EFBC}") = "FirstTaskOfTheSecondOption.FifthLaba", "FirstTaskOfTheSecondOption.FifthLaba\FirstTaskOfTheSecondOption.FifthLaba.csproj", "{7F4B6A2A-E43B-4B73-BE5B-6BA5EB0C561B}"
EndProject
Project("{FAE04EC0-301F-11D3-BF4B-00C04F79EFBC}") = "Test", "Test\Test.csproj", "{55FC4E4A-97F8-4120-84D7-FFDDE69F5DFA}"
EndProject
Project("{FAE04EC0-301F-11D3-BF4B-00C04F79EFBC}") = "SecondTaskOfTheThirdOption.FifthLaba", "SecondTaskOfTheThirdOption.FifthLaba\SecondTaskOfTheThirdOption.FifthLaba.csproj", "{F1186258-BA0C-44D3-A65F-B014FAA63F07}"
EndProject
Project("{FAE04EC0-301F-11D3-BF4B-00C04F79EFBC}") = "ThirdTaskOfTheThirdOption.FifthLaba", "ThirdTaskOfTheThirdOption.FifthLaba\ThirdTaskOfTheThirdOption.FifthLaba.csproj", "{E06C05C5-6F13-45C7-9866-E4B869C5B14A}"
EndProject
Global
	GlobalSection(SolutionConfigurationPlatforms) = preSolution
		Debug|Any CPU = Debug|Any CPU
		Release|Any CPU = Release|Any CPU
	EndGlobalSection
	GlobalSection(ProjectConfigurationPlatforms) = postSolution
		{ED8F83B6-AB9F-4E51-BD10-8620677DA7AC}.Debug|Any CPU.ActiveCfg = Debug|Any CPU
		{ED8F83B6-AB9F-4E51-BD10-8620677DA7AC}.Debug|Any CPU.Build.0 = Debug|Any CPU
		{ED8F83B6-AB9F-4E51-BD10-8620677DA7AC}.Release|Any CPU.ActiveCfg = Release|Any CPU
		{ED8F83B6-AB9F-4E51-BD10-8620677DA7AC}.Release|Any CPU.Build.0 = Release|Any CPU
		{849B2357-552F-4183-AC95-E015BA8AEBFD}.Debug|Any CPU.ActiveCfg = Debug|Any CPU
		{849B2357-552F-4183-AC95-E015BA8AEBFD}.Debug|Any CPU.Build.0 = Debug|Any CPU
		{849B2357-552F-4183-AC95-E015BA8AEBFD}.Release|Any CPU.ActiveCfg = Release|Any CPU
		{849B2357-552F-4183-AC95-E015BA8AEBFD}.Release|Any CPU.Build.0 = Release|Any CPU
		{E5F6DF11-932D-4AA5-BAB6-D322EFF03F8B}.Debug|Any CPU.ActiveCfg = Debug|Any CPU
		{E5F6DF11-932D-4AA5-BAB6-D322EFF03F8B}.Debug|Any CPU.Build.0 = Debug|Any CPU
		{E5F6DF11-932D-4AA5-BAB6-D322EFF03F8B}.Release|Any CPU.ActiveCfg = Release|Any CPU
		{E5F6DF11-932D-4AA5-BAB6-D322EFF03F8B}.Release|Any CPU.Build.0 = Release|Any CPU
		{3AE5B2C0-0AA2-4E4B-94FF-A6D40E28E8C1}.Debug|Any CPU.ActiveCfg = Debug|Any CPU
		{3AE5B2C0-0AA2-4E4B-94FF-A6D40E28E8C1}.Debug|Any CPU.Build.0 = Debug|Any CPU
		{3AE5B2C0-0AA2-4E4B-94FF-A6D40E28E8C1}.Release|Any CPU.ActiveCfg = Release|Any CPU
		{3AE5B2C0-0AA2-4E4B-94FF-A6D40E28E8C1}.Release|Any CPU.Build.0 = Release|Any CPU
		{FE360A3D-1A6A-4D3C-8477-7E589D9F2B1E}.Debug|Any CPU.ActiveCfg = Debug|Any CPU
		{FE360A3D-1A6A-4D3C-8477-7E589D9F2B1E}.Debug|Any CPU.Build.0 = Debug|Any CPU
		{FE360A3D-1A6A-4D3C-8477-7E589D9F2B1E}.Release|Any CPU.ActiveCfg = Release|Any CPU
		{FE360A3D-1A6A-4D3C-8477-7E589D9F2B1E}.Release|Any CPU.Build.0 = Release|Any CPU
		{8014329B-8F4B-4666-BEA9-7911F091195A}.Debug|Any CPU.ActiveCfg = Debug|Any CPU
		{8014329B-8F4B-4666-BEA9-7911F091195A}.Debug|Any CPU.Build.0 = Debug|Any CPU
		{8014329B-8F4B-4666-BEA9-7911F091195A}.Release|Any CPU.ActiveCfg = Release|Any CPU
		{8014329B-8F4B-4666-BEA9-7911F091195A}.Release|Any CPU.Build.0 = Release|Any CPU
		{7520492B-D247-4FA5-A2B2-71CF4D0F4C1C}.Debug|Any CPU.ActiveCfg = Debug|Any CPU
		{7520492B-D247-4FA5-A2B2-71CF4D0F4C1C}.Debug|Any CPU.Build.0 = Debug|Any CPU
		{7520492B-D247-4FA5-A2B2-71CF4D0F4C1C}.Release|Any CPU.ActiveCfg = Release|Any CPU
		{7520492B-D247-4FA5-A2B2-71CF4D0F4C1C}.Release|Any CPU.Build.0 = Release|Any CPU
		{B959540B-89E1-4BA5-A677-20D4445E76A5}.Debug|Any CPU.ActiveCfg = Debug|Any CPU
		{B959540B-89E1-4BA5-A677-20D4445E76A5}.Debug|Any CPU.Build.0 = Debug|Any CPU
		{B959540B-89E1-4BA5-A677-20D4445E76A5}.Release|Any CPU.ActiveCfg = Release|Any CPU
		{B959540B-89E1-4BA5-A677-20D4445E76A5}.Release|Any CPU.Build.0 = Release|Any CPU
		{2803C774-7F31-4BD8-8105-4BDA975808EB}.Debug|Any CPU.ActiveCfg = Debug|Any CPU
		{2803C774-7F31-4BD8-8105-4BDA975808EB}.Debug|Any CPU.Build.0 = Debug|Any CPU
		{2803C774-7F31-4BD8-8105-4BDA975808EB}.Release|Any CPU.ActiveCfg = Release|Any CPU
		{2803C774-7F31-4BD8-8105-4BDA975808EB}.Release|Any CPU.Build.0 = Release|Any CPU
		{6A403D98-0CFE-480C-ADCB-E1595DCCDA5E}.Debug|Any CPU.ActiveCfg = Debug|Any CPU
		{6A403D98-0CFE-480C-ADCB-E1595DCCDA5E}.Debug|Any CPU.Build.0 = Debug|Any CPU
		{6A403D98-0CFE-480C-ADCB-E1595DCCDA5E}.Release|Any CPU.ActiveCfg = Release|Any CPU
		{6A403D98-0CFE-480C-ADCB-E1595DCCDA5E}.Release|Any CPU.Build.0 = Release|Any CPU
		{5FD74697-F477-4FAD-9E84-1633023F9CA0}.Debug|Any CPU.ActiveCfg = Debug|Any CPU
		{5FD74697-F477-4FAD-9E84-1633023F9CA0}.Debug|Any CPU.Build.0 = Debug|Any CPU
		{5FD74697-F477-4FAD-9E84-1633023F9CA0}.Release|Any CPU.ActiveCfg = Release|Any CPU
		{5FD74697-F477-4FAD-9E84-1633023F9CA0}.Release|Any CPU.Build.0 = Release|Any CPU
		{3EE73725-1C54-44F8-B569-DB485D40C1C3}.Debug|Any CPU.ActiveCfg = Debug|Any CPU
		{3EE73725-1C54-44F8-B569-DB485D40C1C3}.Debug|Any CPU.Build.0 = Debug|Any CPU
		{3EE73725-1C54-44F8-B569-DB485D40C1C3}.Release|Any CPU.ActiveCfg = Release|Any CPU
		{3EE73725-1C54-44F8-B569-DB485D40C1C3}.Release|Any CPU.Build.0 = Release|Any CPU
		{7F16478F-213C-48E2-806C-4E238605C5B4}.Debug|Any CPU.ActiveCfg = Debug|Any CPU
		{7F16478F-213C-48E2-806C-4E238605C5B4}.Debug|Any CPU.Build.0 = Debug|Any CPU
		{7F16478F-213C-48E2-806C-4E238605C5B4}.Release|Any CPU.ActiveCfg = Release|Any CPU
		{7F16478F-213C-48E2-806C-4E238605C5B4}.Release|Any CPU.Build.0 = Release|Any CPU
		{89DE3F36-C63D-46B4-8620-C03971CFAD64}.Debug|Any CPU.ActiveCfg = Debug|Any CPU
		{89DE3F36-C63D-46B4-8620-C03971CFAD64}.Debug|Any CPU.Build.0 = Debug|Any CPU
		{89DE3F36-C63D-46B4-8620-C03971CFAD64}.Release|Any CPU.ActiveCfg = Release|Any CPU
		{89DE3F36-C63D-46B4-8620-C03971CFAD64}.Release|Any CPU.Build.0 = Release|Any CPU
		{7F4B6A2A-E43B-4B73-BE5B-6BA5EB0C561B}.Debug|Any CPU.ActiveCfg = Debug|Any CPU
		{7F4B6A2A-E43B-4B73-BE5B-6BA5EB0C561B}.Debug|Any CPU.Build.0 = Debug|Any CPU
		{7F4B6A2A-E43B-4B73-BE5B-6BA5EB0C561B}.Release|Any CPU.ActiveCfg = Release|Any CPU
		{7F4B6A2A-E43B-4B73-BE5B-6BA5EB0C561B}.Release|Any CPU.Build.0 = Release|Any CPU
		{55FC4E4A-97F8-4120-84D7-FFDDE69F5DFA}.Debug|Any CPU.ActiveCfg = Debug|Any CPU
		{55FC4E4A-97F8-4120-84D7-FFDDE69F5DFA}.Debug|Any CPU.Build.0 = Debug|Any CPU
		{55FC4E4A-97F8-4120-84D7-FFDDE69F5DFA}.Release|Any CPU.ActiveCfg = Release|Any CPU
		{55FC4E4A-97F8-4120-84D7-FFDDE69F5DFA}.Release|Any CPU.Build.0 = Release|Any CPU
		{F1186258-BA0C-44D3-A65F-B014FAA63F07}.Debug|Any CPU.ActiveCfg = Debug|Any CPU
		{F1186258-BA0C-44D3-A65F-B014FAA63F07}.Debug|Any CPU.Build.0 = Debug|Any CPU
		{F1186258-BA0C-44D3-A65F-B014FAA63F07}.Release|Any CPU.ActiveCfg = Release|Any CPU
		{F1186258-BA0C-44D3-A65F-B014FAA63F07}.Release|Any CPU.Build.0 = Release|Any CPU
		{E06C05C5-6F13-45C7-9866-E4B869C5B14A}.Debug|Any CPU.ActiveCfg = Debug|Any CPU
		{E06C05C5-6F13-45C7-9866-E4B869C5B14A}.Debug|Any CPU.Build.0 = Debug|Any CPU
		{E06C05C5-6F13-45C7-9866-E4B869C5B14A}.Release|Any CPU.ActiveCfg = Release|Any CPU
		{E06C05C5-6F13-45C7-9866-E4B869C5B14A}.Release|Any CPU.Build.0 = Release|Any CPU
	EndGlobalSection
	GlobalSection(NestedProjects) = preSolution
		{3AE5B2C0-0AA2-4E4B-94FF-A6D40E28E8C1} = {64DE453D-814E-4C47-B4B7-32B3C169C9EF}
		{8014329B-8F4B-4666-BEA9-7911F091195A} = {64DE453D-814E-4C47-B4B7-32B3C169C9EF}
		{FE360A3D-1A6A-4D3C-8477-7E589D9F2B1E} = {64DE453D-814E-4C47-B4B7-32B3C169C9EF}
		{7520492B-D247-4FA5-A2B2-71CF4D0F4C1C} = {F160740A-5915-4DE5-ADB2-A867ED9E87E5}
		{ED8F83B6-AB9F-4E51-BD10-8620677DA7AC} = {B2E6AC70-E79B-4DC4-9BE6-3FF7BBC433F6}
		{849B2357-552F-4183-AC95-E015BA8AEBFD} = {B2E6AC70-E79B-4DC4-9BE6-3FF7BBC433F6}
		{E5F6DF11-932D-4AA5-BAB6-D322EFF03F8B} = {B2E6AC70-E79B-4DC4-9BE6-3FF7BBC433F6}
		{B959540B-89E1-4BA5-A677-20D4445E76A5} = {F160740A-5915-4DE5-ADB2-A867ED9E87E5}
		{2803C774-7F31-4BD8-8105-4BDA975808EB} = {F160740A-5915-4DE5-ADB2-A867ED9E87E5}
		{6A403D98-0CFE-480C-ADCB-E1595DCCDA5E} = {F160740A-5915-4DE5-ADB2-A867ED9E87E5}
		{5FD74697-F477-4FAD-9E84-1633023F9CA0} = {F160740A-5915-4DE5-ADB2-A867ED9E87E5}
		{3EE73725-1C54-44F8-B569-DB485D40C1C3} = {F160740A-5915-4DE5-ADB2-A867ED9E87E5}
		{7F16478F-213C-48E2-806C-4E238605C5B4} = {F160740A-5915-4DE5-ADB2-A867ED9E87E5}
		{89DE3F36-C63D-46B4-8620-C03971CFAD64} = {F160740A-5915-4DE5-ADB2-A867ED9E87E5}
		{7F4B6A2A-E43B-4B73-BE5B-6BA5EB0C561B} = {C1731D0E-1F6B-4E45-9F55-59892255648C}
		{55FC4E4A-97F8-4120-84D7-FFDDE69F5DFA} = {64DE453D-814E-4C47-B4B7-32B3C169C9EF}
		{F1186258-BA0C-44D3-A65F-B014FAA63F07} = {C1731D0E-1F6B-4E45-9F55-59892255648C}
		{E06C05C5-6F13-45C7-9866-E4B869C5B14A} = {C1731D0E-1F6B-4E45-9F55-59892255648C}
	EndGlobalSection
EndGlobal
